# This file is generated by running "yarn install" inside your project.
# Manual changes might be lost - proceed with caution!

__metadata:
  version: 6
  cacheKey: 8

"root@workspace:.":
  version: 0.0.0-use.local
  resolution: "root@workspace:."
  dependencies:
    yarn: ^1.22.19
  languageName: unknown
  linkType: soft

"yarn@npm:^1.22.19":
  version: 1.22.19
  resolution: "yarn@npm:1.22.19"
  bin:
    yarn: bin/yarn.js
    yarnpkg: bin/yarn.js
  checksum: b43d2cc5fee7e933beb12a8aee7dfceca9e9ef2dd17c5d04d15a12ab7bec5f5744ea34a07b86e013da7f291a18c4e1ad8f70e150f5ed2f4666e6723c7f0a8452
  languageName: node
  linkType: hard
