lockfileVersion: 5.4

specifiers:
  '@types/uuid': ^8.3.4
  hyperscript: ^2.0.2
  p5: ^1.5.0
  react: ^18.2.0
  react-dom: ^18.2.0
  uuid: ^9.0.0

dependencies:
  '@types/uuid': 8.3.4
  hyperscript: 2.0.2
  p5: 1.5.0
  react: 18.2.0
  react-dom: 18.2.0_react@18.2.0
  uuid: 9.0.0

packages:

  /@types/uuid/8.3.4:
    resolution: {integrity: sha512-c/I8ZRb51j+pYGAu5CrFMRxqZ2ke4y2grEBO5AUjgSkSk+qT2Ea+OdWElz/OiMf5MNpn2b17kuVBwZLQJXzihw==}
    dev: false

  /browser-split/0.0.0:
    resolution: {integrity: sha512-CNXO3AXAS1H/kOGQkPjucm1161/XoF3aVkMfujqwk85XN/D/MkQMvoB81lXyX/2rerZS+hPAYYRR3mAW05awjQ==}
    dev: false

  /class-list/0.1.1:
    resolution: {integrity: sha512-zqR0uW+VsLtyQhixBhkdQ+z6B8+Y8HTh28kdSVjJ4zTTKM7Xz2asAQSya9VI6m/34F6N6Ktm0mrchKB+E5a8Xw==}
    dependencies:
      indexof: 0.0.1
    dev: false

  /html-element/2.3.1:
    resolution: {integrity: sha512-xnFt2ZkbFcjc+JoAtg3Hl89VeEZDjododu4VCPkRvFmBTHHA9U1Nt6hLUWfW2O+6Sl/rT1hHK/PivleX3PdBJQ==}
    engines: {node: '>=4.2'}
    dependencies:
      class-list: 0.1.1
    dev: false

  /hyperscript/2.0.2:
    resolution: {integrity: sha512-uggBAYfHFC5WyZQXlJ61BNZbPmJbschcvfYNhYdZWCp+0J8KYb5Du8nQuk8Ru+ThoCNb01B0tPtnTRqnrFBkVg==}
    dependencies:
      browser-split: 0.0.0
      class-list: 0.1.1
      html-element: 2.3.1
    dev: false

  /indexof/0.0.1:
    resolution: {integrity: sha512-i0G7hLJ1z0DE8dsqJa2rycj9dBmNKgXBvotXtZYXakU9oivfB9Uj2ZBC27qqef2U58/ZLwalxa1X/RDCdkHtVg==}
    dev: false

  /js-tokens/4.0.0:
    resolution: {integrity: sha512-RdJUflcE3cUzKiMqQgsCu06FPu9UdIJO0beYbPhHN4k6apgJtifcoCtT9bcxOpYBtpD2kCM6Sbzg4CausW/PKQ==}
    dev: false

  /loose-envify/1.4.0:
    resolution: {integrity: sha512-lyuxPGr/Wfhrlem2CL/UcnUc1zcqKAImBDzukY7Y5F/yQiNdko6+fRLevlw1HgMySw7f611UIY408EtxRSoK3Q==}
    hasBin: true
    dependencies:
      js-tokens: 4.0.0
    dev: false

  /p5/1.5.0:
    resolution: {integrity: sha512-zZFMVUmGkXe2G5H6Sw7xsVhgdxMyEN/6SZnZqYdQ51513kTqPslLnukkwTbGf8YtW0RetTU0FTjYQMXnFD7KnQ==}
    dev: false

  /react-dom/18.2.0_react@18.2.0:
    resolution: {integrity: sha512-6IMTriUmvsjHUjNtEDudZfuDQUoWXVxKHhlEGSk81n4YFS+r/Kl99wXiwlVXtPBtJenozv2P+hxDsw9eA7Xo6g==}
    peerDependencies:
      react: ^18.2.0
    dependencies:
      loose-envify: 1.4.0
      react: 18.2.0
      scheduler: 0.23.0
    dev: false

  /react/18.2.0:
    resolution: {integrity: sha512-/3IjMdb2L9QbBdWiW5e3P2/npwMBaU9mHCSCUzNln0ZCYbcfTsGbTJrU/kGemdH2IWmB2ioZ+zkxtmq6g09fGQ==}
    engines: {node: '>=0.10.0'}
    dependencies:
      loose-envify: 1.4.0
    dev: false

  /scheduler/0.23.0:
    resolution: {integrity: sha512-CtuThmgHNg7zIZWAXi3AsyIzA3n4xx7aNyjwC2VJldO2LMVDhFK+63xGqq6CsJH4rTAt6/M+N4GhZiDYPx9eUw==}
    dependencies:
      loose-envify: 1.4.0
    dev: false

  /uuid/9.0.0:
    resolution: {integrity: sha512-MXcSTerfPa4uqyzStbRoTgt5XIe3x5+42+q1sDuy3R5MDk66URdLMOZe5aPX/SQd+kuYAh0FdP/pO28IkQyTeg==}
    hasBin: true
    dev: false
