lockfileVersion: 5.4

specifiers:
  '@thi.ng/api': ^8.7.2
  '@thi.ng/atom': ^5.1.31
  '@types/uuid': ^8.3.4
  hyperscript: ^2.0.2
  p5: ^1.5.0
  react: ^18.2.0
  react-dom: ^18.2.0
  uuid: ^9.0.0

dependencies:
  '@thi.ng/api': 8.7.2
  '@thi.ng/atom': 5.1.31
  '@types/uuid': 8.3.4
  hyperscript: 2.0.2
  p5: 1.5.0
  react: 18.2.0
  react-dom: 18.2.0_react@18.2.0
  uuid: 9.0.0

packages:

  /@thi.ng/api/8.7.2:
    resolution: {integrity: sha512-DyzLbm0Wk8/R9EyStXTyPBlfHum2SmYcs0RnClmwhxqX0fg2rkqLOBg10t4YiskEND0qTUuSLyTaS37RVvybew==}
    engines: {node: '>=12.7'}
    dev: false

  /@thi.ng/atom/5.1.31:
    resolution: {integrity: sha512-8zEfdN6WLfZGVgRsXGtiuE4g3kW5OR5PX0WfeoQ4QAgpdn/J0OussvrUV1b/ARfLwSlYZi98nO+N1jQRVIq1UQ==}
    engines: {node: '>=12.7'}
    dependencies:
      '@thi.ng/api': 8.7.2
      '@thi.ng/equiv': 2.1.19
      '@thi.ng/errors': 2.2.11
      '@thi.ng/paths': 5.1.31
      tslib: 2.5.0
    dev: false

  /@thi.ng/checks/3.3.9:
    resolution: {integrity: sha512-ihbfYU9xgSsUVXbRzmGDmee3cgTbPV7SOzVGE2sC99LRu6BA+Y/sqXp47qd8rpHM0bJcMvw4ywF6ZXk1jcByxA==}
    engines: {node: '>=12.7'}
    dependencies:
      tslib: 2.5.0
    dev: false

  /@thi.ng/equiv/2.1.19:
    resolution: {integrity: sha512-4jaqs/V48s+r/w2QNQhIxPek3R9P2CVHnWw/FIfKRyOVs/PUIlWcaQcT57x5Cj/BtHUiDssPTw1074aVSgdFaw==}
    engines: {node: '>=12.7'}
    dev: false

  /@thi.ng/errors/2.2.11:
    resolution: {integrity: sha512-wsX2BJ4aLqI4+dbvZXjzJ4sezMuO+Vy2TORs6MzWCYMM/+qq/Fii3XCMSjXo7S89dTHBN8XR1KrwGpTAhd/A8A==}
    engines: {node: '>=12.7'}
    dev: false

  /@thi.ng/paths/5.1.31:
    resolution: {integrity: sha512-V6TtuP3rxgs5KsmiTRBvK79p44sP3xcyxAEurtnqHIxEyqPwhlm31QQ/9xI1PNTTBJCzji8PKWbRwdH6wTWq8g==}
    engines: {node: '>=12.7'}
    dependencies:
      '@thi.ng/api': 8.7.2
      '@thi.ng/checks': 3.3.9
      '@thi.ng/errors': 2.2.11
    dev: false

  /@types/uuid/8.3.4:
    resolution: {integrity: sha512-c/I8ZRb51j+pYGAu5CrFMRxqZ2ke4y2grEBO5AUjgSkSk+qT2Ea+OdWElz/OiMf5MNpn2b17kuVBwZLQJXzihw==}
    dev: false

  /browser-split/0.0.0:
    resolution: {integrity: sha512-CNXO3AXAS1H/kOGQkPjucm1161/XoF3aVkMfujqwk85XN/D/MkQMvoB81lXyX/2rerZS+hPAYYRR3mAW05awjQ==}
    dev: false

  /class-list/0.1.1:
    resolution: {integrity: sha512-zqR0uW+VsLtyQhixBhkdQ+z6B8+Y8HTh28kdSVjJ4zTTKM7Xz2asAQSya9VI6m/34F6N6Ktm0mrchKB+E5a8Xw==}
    dependencies:
      indexof: 0.0.1
    dev: false

  /html-element/2.3.1:
    resolution: {integrity: sha512-xnFt2ZkbFcjc+JoAtg3Hl89VeEZDjododu4VCPkRvFmBTHHA9U1Nt6hLUWfW2O+6Sl/rT1hHK/PivleX3PdBJQ==}
    engines: {node: '>=4.2'}
    dependencies:
      class-list: 0.1.1
    dev: false

  /hyperscript/2.0.2:
    resolution: {integrity: sha512-uggBAYfHFC5WyZQXlJ61BNZbPmJbschcvfYNhYdZWCp+0J8KYb5Du8nQuk8Ru+ThoCNb01B0tPtnTRqnrFBkVg==}
    dependencies:
      browser-split: 0.0.0
      class-list: 0.1.1
      html-element: 2.3.1
    dev: false

  /indexof/0.0.1:
    resolution: {integrity: sha512-i0G7hLJ1z0DE8dsqJa2rycj9dBmNKgXBvotXtZYXakU9oivfB9Uj2ZBC27qqef2U58/ZLwalxa1X/RDCdkHtVg==}
    dev: false

  /js-tokens/4.0.0:
    resolution: {integrity: sha512-RdJUflcE3cUzKiMqQgsCu06FPu9UdIJO0beYbPhHN4k6apgJtifcoCtT9bcxOpYBtpD2kCM6Sbzg4CausW/PKQ==}
    dev: false

  /loose-envify/1.4.0:
    resolution: {integrity: sha512-lyuxPGr/Wfhrlem2CL/UcnUc1zcqKAImBDzukY7Y5F/yQiNdko6+fRLevlw1HgMySw7f611UIY408EtxRSoK3Q==}
    hasBin: true
    dependencies:
      js-tokens: 4.0.0
    dev: false

  /p5/1.5.0:
    resolution: {integrity: sha512-zZFMVUmGkXe2G5H6Sw7xsVhgdxMyEN/6SZnZqYdQ51513kTqPslLnukkwTbGf8YtW0RetTU0FTjYQMXnFD7KnQ==}
    dev: false

  /react-dom/18.2.0_react@18.2.0:
    resolution: {integrity: sha512-6IMTriUmvsjHUjNtEDudZfuDQUoWXVxKHhlEGSk81n4YFS+r/Kl99wXiwlVXtPBtJenozv2P+hxDsw9eA7Xo6g==}
    peerDependencies:
      react: ^18.2.0
    dependencies:
      loose-envify: 1.4.0
      react: 18.2.0
      scheduler: 0.23.0
    dev: false

  /react/18.2.0:
    resolution: {integrity: sha512-/3IjMdb2L9QbBdWiW5e3P2/npwMBaU9mHCSCUzNln0ZCYbcfTsGbTJrU/kGemdH2IWmB2ioZ+zkxtmq6g09fGQ==}
    engines: {node: '>=0.10.0'}
    dependencies:
      loose-envify: 1.4.0
    dev: false

  /scheduler/0.23.0:
    resolution: {integrity: sha512-CtuThmgHNg7zIZWAXi3AsyIzA3n4xx7aNyjwC2VJldO2LMVDhFK+63xGqq6CsJH4rTAt6/M+N4GhZiDYPx9eUw==}
    dependencies:
      loose-envify: 1.4.0
    dev: false

  /tslib/2.5.0:
    resolution: {integrity: sha512-336iVw3rtn2BUK7ORdIAHTyxHGRIHVReokCR3XjbckJMK7ms8FysBfhLR8IXnAgy7T0PTPNBWKiH514FOW/WSg==}
    dev: false

  /uuid/9.0.0:
    resolution: {integrity: sha512-MXcSTerfPa4uqyzStbRoTgt5XIe3x5+42+q1sDuy3R5MDk66URdLMOZe5aPX/SQd+kuYAh0FdP/pO28IkQyTeg==}
    hasBin: true
    dev: false
