lockfileVersion: 5.4

specifiers:
  '@thi.ng/api': ^8.7.3
  '@thi.ng/atom': ^5.1.32
  '@types/uuid': ^9.0.1
  hyperscript: ^2.0.2
  p5: ^1.6.0
  react: ^18.2.0
  react-dom: ^18.2.0
  solid-js: ^1.6.14
  uuid: ^9.0.0

dependencies:
  '@thi.ng/api': 8.7.3
  '@thi.ng/atom': 5.1.32
  '@types/uuid': 9.0.1
  hyperscript: 2.0.2
  p5: 1.6.0
  react: 18.2.0
  react-dom: 18.2.0_react@18.2.0
  solid-js: 1.6.14
  uuid: 9.0.0

packages:

  /@thi.ng/api/8.7.3:
    resolution: {integrity: sha512-7SFCWuf4G3E7ymGdIKjdcx00esKWTU701VFknP0FQxDniJrG+tGuPxVg0TkliFQsD0Us2fuS67U547bhZPL3GQ==}
    engines: {node: '>=12.7'}
    dev: false

  /@thi.ng/atom/5.1.32:
    resolution: {integrity: sha512-D/dPQnR3rB10TXjWFyO9GuZzV7xAEjn5wf44Wz3leZTaR6RUSV5mJQG0PIM1biYzXY1fdhkrazRntJnRip5ctg==}
    engines: {node: '>=12.7'}
    dependencies:
      '@thi.ng/api': 8.7.3
      '@thi.ng/equiv': 2.1.19
      '@thi.ng/errors': 2.2.12
      '@thi.ng/paths': 5.1.32
      tslib: 2.5.0
    dev: false

  /@thi.ng/checks/3.3.9:
    resolution: {integrity: sha512-ihbfYU9xgSsUVXbRzmGDmee3cgTbPV7SOzVGE2sC99LRu6BA+Y/sqXp47qd8rpHM0bJcMvw4ywF6ZXk1jcByxA==}
    engines: {node: '>=12.7'}
    dependencies:
      tslib: 2.5.0
    dev: false

  /@thi.ng/equiv/2.1.19:
    resolution: {integrity: sha512-4jaqs/V48s+r/w2QNQhIxPek3R9P2CVHnWw/FIfKRyOVs/PUIlWcaQcT57x5Cj/BtHUiDssPTw1074aVSgdFaw==}
    engines: {node: '>=12.7'}
    dev: false

  /@thi.ng/errors/2.2.12:
    resolution: {integrity: sha512-z33uxNB7tha1p5N0FJGTdWyWunL7rcU+xMdbML8Jo3h9msoVI+0aQD172w+JahOYE+u5l27bD0+LwWen+qDXPw==}
    engines: {node: '>=12.7'}
    dev: false

  /@thi.ng/paths/5.1.32:
    resolution: {integrity: sha512-cN3OepkJaRjtJBONzARjBEykpVMQuHVWtSQINNzRJCmFPD22cxVzjZ+cDyd0nCp3iV21aRQS6eMsA0gpnv/FxA==}
    engines: {node: '>=12.7'}
    dependencies:
      '@thi.ng/api': 8.7.3
      '@thi.ng/checks': 3.3.9
      '@thi.ng/errors': 2.2.12
    dev: false

  /@types/uuid/9.0.1:
    resolution: {integrity: sha512-rFT3ak0/2trgvp4yYZo5iKFEPsET7vKydKF+VRCxlQ9bpheehyAJH89dAkaLEq/j/RZXJIqcgsmPJKUP1Z28HA==}
    dev: false

  /browser-split/0.0.0:
    resolution: {integrity: sha512-CNXO3AXAS1H/kOGQkPjucm1161/XoF3aVkMfujqwk85XN/D/MkQMvoB81lXyX/2rerZS+hPAYYRR3mAW05awjQ==}
    dev: false

  /class-list/0.1.1:
    resolution: {integrity: sha512-zqR0uW+VsLtyQhixBhkdQ+z6B8+Y8HTh28kdSVjJ4zTTKM7Xz2asAQSya9VI6m/34F6N6Ktm0mrchKB+E5a8Xw==}
    dependencies:
      indexof: 0.0.1
    dev: false

  /csstype/3.1.1:
    resolution: {integrity: sha512-DJR/VvkAvSZW9bTouZue2sSxDwdTN92uHjqeKVm+0dAqdfNykRzQ95tay8aXMBAAPpUiq4Qcug2L7neoRh2Egw==}
    dev: false

  /html-element/2.3.1:
    resolution: {integrity: sha512-xnFt2ZkbFcjc+JoAtg3Hl89VeEZDjododu4VCPkRvFmBTHHA9U1Nt6hLUWfW2O+6Sl/rT1hHK/PivleX3PdBJQ==}
    engines: {node: '>=4.2'}
    dependencies:
      class-list: 0.1.1
    dev: false

  /hyperscript/2.0.2:
    resolution: {integrity: sha512-uggBAYfHFC5WyZQXlJ61BNZbPmJbschcvfYNhYdZWCp+0J8KYb5Du8nQuk8Ru+ThoCNb01B0tPtnTRqnrFBkVg==}
    dependencies:
      browser-split: 0.0.0
      class-list: 0.1.1
      html-element: 2.3.1
    dev: false

  /indexof/0.0.1:
    resolution: {integrity: sha512-i0G7hLJ1z0DE8dsqJa2rycj9dBmNKgXBvotXtZYXakU9oivfB9Uj2ZBC27qqef2U58/ZLwalxa1X/RDCdkHtVg==}
    dev: false

  /js-tokens/4.0.0:
    resolution: {integrity: sha512-RdJUflcE3cUzKiMqQgsCu06FPu9UdIJO0beYbPhHN4k6apgJtifcoCtT9bcxOpYBtpD2kCM6Sbzg4CausW/PKQ==}
    dev: false

  /loose-envify/1.4.0:
    resolution: {integrity: sha512-lyuxPGr/Wfhrlem2CL/UcnUc1zcqKAImBDzukY7Y5F/yQiNdko6+fRLevlw1HgMySw7f611UIY408EtxRSoK3Q==}
    hasBin: true
    dependencies:
      js-tokens: 4.0.0
    dev: false

  /p5/1.6.0:
    resolution: {integrity: sha512-RowF+RxfVUhJm/YKXL5TCFzTqnwAIwK6W1VGs9LAqSf3PCmLz9Igbxzlf0Ry5IMV71L42wipCdH/bDiNsqAstA==}
    dev: false

  /react-dom/18.2.0_react@18.2.0:
    resolution: {integrity: sha512-6IMTriUmvsjHUjNtEDudZfuDQUoWXVxKHhlEGSk81n4YFS+r/Kl99wXiwlVXtPBtJenozv2P+hxDsw9eA7Xo6g==}
    peerDependencies:
      react: ^18.2.0
    dependencies:
      loose-envify: 1.4.0
      react: 18.2.0
      scheduler: 0.23.0
    dev: false

  /react/18.2.0:
    resolution: {integrity: sha512-/3IjMdb2L9QbBdWiW5e3P2/npwMBaU9mHCSCUzNln0ZCYbcfTsGbTJrU/kGemdH2IWmB2ioZ+zkxtmq6g09fGQ==}
    engines: {node: '>=0.10.0'}
    dependencies:
      loose-envify: 1.4.0
    dev: false

  /scheduler/0.23.0:
    resolution: {integrity: sha512-CtuThmgHNg7zIZWAXi3AsyIzA3n4xx7aNyjwC2VJldO2LMVDhFK+63xGqq6CsJH4rTAt6/M+N4GhZiDYPx9eUw==}
    dependencies:
      loose-envify: 1.4.0
    dev: false

  /solid-js/1.6.14:
    resolution: {integrity: sha512-9SSpGWZqzq8n/JhIt2PsYzLreG4PySmAexLnRM386oMeG5oSWa9QIRoiok45rLNJg148USEfI9wlkJkMrA2qGg==}
    dependencies:
      csstype: 3.1.1
    dev: false

  /tslib/2.5.0:
    resolution: {integrity: sha512-336iVw3rtn2BUK7ORdIAHTyxHGRIHVReokCR3XjbckJMK7ms8FysBfhLR8IXnAgy7T0PTPNBWKiH514FOW/WSg==}
    dev: false

  /uuid/9.0.0:
    resolution: {integrity: sha512-MXcSTerfPa4uqyzStbRoTgt5XIe3x5+42+q1sDuy3R5MDk66URdLMOZe5aPX/SQd+kuYAh0FdP/pO28IkQyTeg==}
    hasBin: true
    dev: false
