# THIS IS AN AUTOGENERATED FILE. DO NOT EDIT THIS FILE DIRECTLY.
# yarn lockfile v1


"@types/uuid@^8.3.4":
  version "8.3.4"
  resolved "https://registry.yarnpkg.com/@types/uuid/-/uuid-8.3.4.tgz#bd86a43617df0594787d38b735f55c805becf1bc"
  integrity sha512-c/I8ZRb51j+pYGAu5CrFMRxqZ2ke4y2grEBO5AUjgSkSk+qT2Ea+OdWElz/OiMf5MNpn2b17kuVBwZLQJXzihw==

browser-split@0.0.0:
  version "0.0.0"
  resolved "https://registry.yarnpkg.com/browser-split/-/browser-split-0.0.0.tgz#41419caef769755929dd518967d3eec0a6262771"
  integrity sha512-CNXO3AXAS1H/kOGQkPjucm1161/XoF3aVkMfujqwk85XN/D/MkQMvoB81lXyX/2rerZS+hPAYYRR3mAW05awjQ==

class-list@~0.1.0, class-list@~0.1.1:
  version "0.1.1"
  resolved "https://registry.yarnpkg.com/class-list/-/class-list-0.1.1.tgz#9b9745192c4179b5da0a0d7633658e3c70d796cb"
  integrity sha512-zqR0uW+VsLtyQhixBhkdQ+z6B8+Y8HTh28kdSVjJ4zTTKM7Xz2asAQSya9VI6m/34F6N6Ktm0mrchKB+E5a8Xw==
  dependencies:
    indexof "0.0.1"

html-element@^2.0.0:
  version "2.3.1"
  resolved "https://registry.yarnpkg.com/html-element/-/html-element-2.3.1.tgz#5feb23dd5226467ef8c2faec51a5bf29c4ef5440"
  integrity sha512-xnFt2ZkbFcjc+JoAtg3Hl89VeEZDjododu4VCPkRvFmBTHHA9U1Nt6hLUWfW2O+6Sl/rT1hHK/PivleX3PdBJQ==
  dependencies:
    class-list "~0.1.1"

hyperscript@^2.0.2:
  version "2.0.2"
  resolved "https://registry.yarnpkg.com/hyperscript/-/hyperscript-2.0.2.tgz#3839cba45554bdfe27bb81c2142d1684f8135af5"
  integrity sha512-uggBAYfHFC5WyZQXlJ61BNZbPmJbschcvfYNhYdZWCp+0J8KYb5Du8nQuk8Ru+ThoCNb01B0tPtnTRqnrFBkVg==
  dependencies:
    browser-split "0.0.0"
    class-list "~0.1.0"
    html-element "^2.0.0"

indexof@0.0.1:
  version "0.0.1"
  resolved "https://registry.yarnpkg.com/indexof/-/indexof-0.0.1.tgz#82dc336d232b9062179d05ab3293a66059fd435d"
  integrity sha512-i0G7hLJ1z0DE8dsqJa2rycj9dBmNKgXBvotXtZYXakU9oivfB9Uj2ZBC27qqef2U58/ZLwalxa1X/RDCdkHtVg==

uuid@^9.0.0:
  version "9.0.0"
  resolved "https://registry.yarnpkg.com/uuid/-/uuid-9.0.0.tgz#592f550650024a38ceb0c562f2f6aa435761efb5"
  integrity sha512-MXcSTerfPa4uqyzStbRoTgt5XIe3x5+42+q1sDuy3R5MDk66URdLMOZe5aPX/SQd+kuYAh0FdP/pO28IkQyTeg==
